
Microsoft Visual Studio Solution File, Format Version 12.00
# Visual Studio Version 16
VisualStudioVersion = 16.0.31729.503
MinimumVisualStudioVersion = 10.0.40219.1
Project("{FAE04EC0-301F-11D3-BF4B-00C04F79EFBC}") = "ExamWcfService", "ExamWcfService\ExamWcfService.csproj", "{BCD27318-CA21-41B7-B75C-A7403FE7936F}"
EndProject
Global
	GlobalSection(SolutionConfigurationPlatforms) = preSolution
		Debug|Any CPU = Debug|Any CPU
		Release|Any CPU = Release|Any CPU
	EndGlobalSection
	GlobalSection(ProjectConfigurationPlatforms) = postSolution
		{BCD27318-CA21-41B7-B75C-A7403FE7936F}.Debug|Any CPU.ActiveCfg = Debug|Any CPU
		{BCD27318-CA21-41B7-B75C-A7403FE7936F}.Debug|Any CPU.Build.0 = Debug|Any CPU
		{BCD27318-CA21-41B7-B75C-A7403FE7936F}.Release|Any CPU.ActiveCfg = Release|Any CPU
		{BCD27318-CA21-41B7-B75C-A7403FE7936F}.Release|Any CPU.Build.0 = Release|Any CPU
	EndGlobalSection
	GlobalSection(SolutionProperties) = preSolution
		HideSolutionNode = FALSE
	EndGlobalSection
	GlobalSection(ExtensibilityGlobals) = postSolution
		SolutionGuid = {3402041E-EBB8-4FDF-BDC9-96BFF5695F02}
	EndGlobalSection
EndGlobal
